
Microsoft Visual Studio Solution File, Format Version 12.00
# Visual Studio Version 17
VisualStudioVersion = 17.14.36401.2 d17.14
MinimumVisualStudioVersion = 10.0.40219.1
Project("{FAE04EC0-301F-11D3-BF4B-00C04F79EFBC}") = "DiscountStrategy", "DiscountStrategy\DiscountStrategy.csproj", "{BA98DB84-C16A-4788-A5BA-44213A4EE376}"
EndProject
Project("{FAE04EC0-301F-11D3-BF4B-00C04F79EFBC}") = "Executive", "Executive\Executive.csproj", "{B1F14CDE-22D0-45A1-8C15-8F08FF3AF6F6}"
EndProject
Global
	GlobalSection(SolutionConfigurationPlatforms) = preSolution
		Debug|Any CPU = Debug|Any CPU
		Release|Any CPU = Release|Any CPU
	EndGlobalSection
	GlobalSection(ProjectConfigurationPlatforms) = postSolution
		{BA98DB84-C16A-4788-A5BA-44213A4EE376}.Debug|Any CPU.ActiveCfg = Debug|Any CPU
		{BA98DB84-C16A-4788-A5BA-44213A4EE376}.Debug|Any CPU.Build.0 = Debug|Any CPU
		{BA98DB84-C16A-4788-A5BA-44213A4EE376}.Release|Any CPU.ActiveCfg = Release|Any CPU
		{BA98DB84-C16A-4788-A5BA-44213A4EE376}.Release|Any CPU.Build.0 = Release|Any CPU
		{B1F14CDE-22D0-45A1-8C15-8F08FF3AF6F6}.Debug|Any CPU.ActiveCfg = Debug|Any CPU
		{B1F14CDE-22D0-45A1-8C15-8F08FF3AF6F6}.Debug|Any CPU.Build.0 = Debug|Any CPU
		{B1F14CDE-22D0-45A1-8C15-8F08FF3AF6F6}.Release|Any CPU.ActiveCfg = Release|Any CPU
		{B1F14CDE-22D0-45A1-8C15-8F08FF3AF6F6}.Release|Any CPU.Build.0 = Release|Any CPU
	EndGlobalSection
	GlobalSection(SolutionProperties) = preSolution
		HideSolutionNode = FALSE
	EndGlobalSection
	GlobalSection(ExtensibilityGlobals) = postSolution
		SolutionGuid = {E4986D62-76CE-4D96-B07C-91BDBE6DA62C}
	EndGlobalSection
EndGlobal
